<?xml version="1.0" encoding="utf-8"?>
<Project ToolsVersion="4.0" xmlns="http://schemas.microsoft.com/developer/msbuild/2003">
  <ItemGroup>
    <Filter Include="src">
      <UniqueIdentifier>{eb85283a-c769-4961-9df0-c1413b8823ee}</UniqueIdentifier>
      <Extensions>cpp;c;cxx;rc;def;r;odl;idl;hpj;bat</Extensions>
    </Filter>
  </ItemGroup>
  <ItemGroup>
    <ClCompile Include="src\CtaRuntime.cpp">
      <Filter>src</Filter>
    </ClCompile>
    <ClCompile Include="src\ManagedProcess.cpp">
      <Filter>src</Filter>
    </ClCompile>
    <ClCompile Include="src\MonitoringThread.cpp">
      <Filter>src</Filter>
    </ClCompile>
    <ClCompile Include="src\PollListener.cpp">
      <Filter>src</Filter>
    </ClCompile>
    <ClCompile Include="src\ProcessIdResolver.cpp">
      <Filter>src</Filter>
    </ClCompile>
    <ClCompile Include="src\UtilityInitialiser.cpp">
      <Filter>src</Filter>
    </ClCompile>
  </ItemGroup>
  <ItemGroup>
    <ClInclude Include="src\CtaRuntime.h">
      <Filter>src</Filter>
    </ClInclude>
    <ClInclude Include="src\IManagedProcessUser.h">
      <Filter>src</Filter>
    </ClInclude>
    <ClInclude Include="src\ManagedProcess.h">
      <Filter>src</Filter>
    </ClInclude>
    <ClInclude Include="src\MonitoringThread.h">
      <Filter>src</Filter>
    </ClInclude>
    <ClInclude Include="src\PollListener.h">
      <Filter>src</Filter>
    </ClInclude>
    <ClInclude Include="src\ProcessIdResolver.h">
      <Filter>src</Filter>
    </ClInclude>
    <ClInclude Include="src\UtilityInitialiser.h">
      <Filter>src</Filter>
    </ClInclude>
  </ItemGroup>
</Project>